
Microsoft Visual Studio Solution File, Format Version 12.00
# Visual Studio 15
VisualStudioVersion = 15.0.26730.3
MinimumVisualStudioVersion = 10.0.40219.1
Project("{FAE04EC0-301F-11D3-BF4B-00C04F79EFBC}") = "ZAMOW", "ZAMOW\ZAMOW.csproj", "{858F7D08-1D33-4A6E-9B58-EF1627954E6F}"
EndProject
Global
	GlobalSection(SolutionConfigurationPlatforms) = preSolution
		Debug|Any CPU = Debug|Any CPU
		Release|Any CPU = Release|Any CPU
	EndGlobalSection
	GlobalSection(ProjectConfigurationPlatforms) = postSolution
		{858F7D08-1D33-4A6E-9B58-EF1627954E6F}.Debug|Any CPU.ActiveCfg = Debug|Any CPU
		{858F7D08-1D33-4A6E-9B58-EF1627954E6F}.Debug|Any CPU.Build.0 = Debug|Any CPU
		{858F7D08-1D33-4A6E-9B58-EF1627954E6F}.Release|Any CPU.ActiveCfg = Release|Any CPU
		{858F7D08-1D33-4A6E-9B58-EF1627954E6F}.Release|Any CPU.Build.0 = Release|Any CPU
	EndGlobalSection
	GlobalSection(SolutionProperties) = preSolution
		HideSolutionNode = FALSE
	EndGlobalSection
	GlobalSection(ExtensibilityGlobals) = postSolution
		SolutionGuid = {174E4B93-721A-48F3-879B-FD7D2ADC466D}
	EndGlobalSection
EndGlobal
